core:changelogs:
  - content: "---\npackages:\n  group:akeru:\n    type: patch\n---\n\n### Changes\n\n- [#11](https://github.com/opencoredev/akeru-bot/pull/11) feat(voice): add local desktop bot calls\n- [#14](https://github.com/opencoredev/akeru-bot/pull/14) feat(brand): add lowercase Akeru icon\n- [#15](https://github.com/opencoredev/akeru-bot/pull/15) fix(usage): stabilize provider logos and labels\n- [#13](https://github.com/opencoredev/akeru-bot/pull/13) ci: run Akeru checks on Depot\n- [#12](https://github.com/opencoredev/akeru-bot/pull/12) fix(voice): make local calls realtime\n- [#16](https://github.com/opencoredev/akeru-bot/pull/16) perf(runtime): adopt provider-neutral upstream fixes\n- [#18](https://github.com/opencoredev/akeru-bot/pull/18) feat(feedback): add the product feedback workflow\n- [#17](https://github.com/opencoredev/akeru-bot/pull/17) feat(bots): add connector health and error inbox\n- [#19](https://github.com/opencoredev/akeru-bot/pull/19) feat(plugins): load declarative catalog entries\n- [#20](https://github.com/opencoredev/akeru-bot/pull/20) feat(plugins): ship the curated plugin directory\n- [#28](https://github.com/opencoredev/akeru-bot/pull/28) test(mobile): cover bot inbox empty and error states\n- [#21](https://github.com/opencoredev/akeru-bot/pull/21) fix(server): persist Kimi device identity\n- [#23](https://github.com/opencoredev/akeru-bot/pull/23) feat(settings): add bot workspace and browser sharing\n- [#22](https://github.com/opencoredev/akeru-bot/pull/22) feat(contracts): define Akeru memory and usage records\n- [#25](https://github.com/opencoredev/akeru-bot/pull/25) fix(server): redact browser snapshot data\n- [#24](https://github.com/opencoredev/akeru-bot/pull/24) feat(server): add durable bot memory storage\n- [#27](https://github.com/opencoredev/akeru-bot/pull/27) feat(contracts): define approved Akeru workspace tools\n- [#32](https://github.com/opencoredev/akeru-bot/pull/32) feat(server): add sandbox browser runtime\n- [#29](https://github.com/opencoredev/akeru-bot/pull/29) feat(providers): add Kimi For Coding runtime\n- [#31](https://github.com/opencoredev/akeru-bot/pull/31) feat(server): add bot inbox controls\n- [#33](https://github.com/opencoredev/akeru-bot/pull/33) feat(web): resolve bot inbox incidents\n- [#38](https://github.com/opencoredev/akeru-bot/pull/38) feat(mobile): resolve bot inbox incidents\n- [#36](https://github.com/opencoredev/akeru-bot/pull/36) feat(server): isolate and pool bot workspaces\n- [#37](https://github.com/opencoredev/akeru-bot/pull/37) fix(memory): preserve storage correctness\n- [#39](https://github.com/opencoredev/akeru-bot/pull/39) feat(server): run approved Akeru tools\n- [#41](https://github.com/opencoredev/akeru-bot/pull/41) feat(server): add governed memory tool handlers\n- [#40](https://github.com/opencoredev/akeru-bot/pull/40) feat(server): record human handoff incidents\n- [#35](https://github.com/opencoredev/akeru-bot/pull/35) feat(server): enforce per-bot token usage caps\n- [#44](https://github.com/opencoredev/akeru-bot/pull/44) fix(memory): preserve pending update governance\n- [#45](https://github.com/opencoredev/akeru-bot/pull/45) feat(memory): add RPC and shared client state\n- [#48](https://github.com/opencoredev/akeru-bot/pull/48) feat(server): expose per-bot usage over RPC\n- [#50](https://github.com/opencoredev/akeru-bot/pull/50) feat(web): show per-bot usage\n- [#53](https://github.com/opencoredev/akeru-bot/pull/53) feat(portability): restore archives across environments\n- [#52](https://github.com/opencoredev/akeru-bot/pull/52) feat(memory): wire governed memory tools into Mastra\n- [#46](https://github.com/opencoredev/akeru-bot/pull/46) feat(web): manage bot memory\n- [#55](https://github.com/opencoredev/akeru-bot/pull/55) feat(bots): reply before tools with status beats\n- [#49](https://github.com/opencoredev/akeru-bot/pull/49) feat(memory): observe new thread messages\n- [#57](https://github.com/opencoredev/akeru-bot/pull/57) chore(contributing): verify plugin proposal policy\n- [#61](https://github.com/opencoredev/akeru-bot/pull/61) test(server): prove saved provider routing\n- [#54](https://github.com/opencoredev/akeru-bot/pull/54) feat(app): ask before local agent commands\n- [#62](https://github.com/opencoredev/akeru-bot/pull/62) fix(server): redact screenshot tool results\n- [#59](https://github.com/opencoredev/akeru-bot/pull/59) feat(server): track MCP connector health\n- [#58](https://github.com/opencoredev/akeru-bot/pull/58) fix(plugins): align directory with connector lifecycle\n- [#60](https://github.com/opencoredev/akeru-bot/pull/60) feat(analytics): send anonymous usage summaries\n- [#64](https://github.com/opencoredev/akeru-bot/pull/64) feat(server): delegate work between bots\n- [#67](https://github.com/opencoredev/akeru-bot/pull/67) feat(marketing): rebuild the landing page from the Paper design\n- [#65](https://github.com/opencoredev/akeru-bot/pull/65) feat(providers): finish native Kimi support\n- [#66](https://github.com/opencoredev/akeru-bot/pull/66) fix(server): preserve rewritten Mastra replies\n- [#63](https://github.com/opencoredev/akeru-bot/pull/63) feat(server): add durable remote sandboxes\n- [#74](https://github.com/opencoredev/akeru-bot/pull/74) feat(server): let bot bosses manage channels\n- [#69](https://github.com/opencoredev/akeru-bot/pull/69) feat(server): run browsers in remote sandboxes\n- [#80](https://github.com/opencoredev/akeru-bot/pull/80) feat(server): let bots message the current thread\n- [#71](https://github.com/opencoredev/akeru-bot/pull/71) fix(web): keep group avatars during search\n- [#72](https://github.com/opencoredev/akeru-bot/pull/72) fix(web): widen rich bot output\n- [#73](https://github.com/opencoredev/akeru-bot/pull/73) fix(analytics): report opt-out deletion failures\n- [#75](https://github.com/opencoredev/akeru-bot/pull/75) feat(server): manage MCP connections from bots\n- [#76](https://github.com/opencoredev/akeru-bot/pull/76) feat(bots): show sensitive approval cards\n- [#82](https://github.com/opencoredev/akeru-bot/pull/82) feat(server): let bots install URL plugins\n- [#56](https://github.com/opencoredev/akeru-bot/pull/56) feat(akeru): finish sandbox and memory reliability\n- [#68](https://github.com/opencoredev/akeru-bot/pull/68) feat(plugins): add local Codex computer use\n- [#85](https://github.com/opencoredev/akeru-bot/pull/85) feat(marketing): add PostHog web analytics\n- [#84](https://github.com/opencoredev/akeru-bot/pull/84) fix(memory): bind legacy workspace access to original project\n- [#87](https://github.com/opencoredev/akeru-bot/pull/87) feat(server): let bots update their own profiles\n- [#77](https://github.com/opencoredev/akeru-bot/pull/77) feat(server): enforce bounded bot delegation\n- [#91](https://github.com/opencoredev/akeru-bot/pull/91) fix(marketing): improve agent readiness\n- [#78](https://github.com/opencoredev/akeru-bot/pull/78) feat(web): show and control bot delegations\n- [#93](https://github.com/opencoredev/akeru-bot/pull/93) fix(marketing): finish agent readiness gaps\n- [#88](https://github.com/opencoredev/akeru-bot/pull/88) feat(server): add bot plugin controls\n- [#90](https://github.com/opencoredev/akeru-bot/pull/90) feat(server): add durable bot management tools\n- [#83](https://github.com/opencoredev/akeru-bot/pull/83) feat(trust): ship privacy and control milestone\n- [#86](https://github.com/opencoredev/akeru-bot/pull/86) feat(server): add MCP health controls\n- [#92](https://github.com/opencoredev/akeru-bot/pull/92) feat(release): ship stable direct downloads\n- [#89](https://github.com/opencoredev/akeru-bot/pull/89) feat(bots): react to visible messages\n- [#81](https://github.com/opencoredev/akeru-bot/pull/81) feat(settings): connect remote sandbox providers\n"
    filename: stable-release.md
    v: 0.0.0
core:packages:
  - id: npm:@t3tools/monorepo
    updated: false
  - id: npm:@t3tools/oxlint-plugin-t3code
    updated: false
  - changelogIds:
      - 2026-09-01-stable-release.md
    id: npm:@t3tools/desktop
    updated: true
  - id: npm:@t3tools/scripts
    updated: false
  - changelogIds:
      - 2026-09-01-stable-release.md
    id: npm:@t3tools/web
    updated: true
  - changelogIds:
      - 2026-09-01-stable-release.md
    id: npm:akeru-bot
    updated: true
  - id: npm:@t3tools/marketing
    updated: false
  - id: npm:akeru-feedback
    updated: false
  - id: npm:@t3tools/client-runtime
    updated: false
  - changelogIds:
      - 2026-09-01-stable-release.md
    id: npm:@t3tools/contracts
    updated: true
  - id: npm:effect-codex-app-server
    updated: false
  - id: npm:@t3tools/shared
    updated: false
  - id: npm:effect-acp
    updated: false
  - id: npm:@t3tools/ssh
    updated: false
  - id: npm:@t3tools/tailscale
    updated: false
npm:packages:
  - id: npm:@t3tools/monorepo
  - id: npm:@t3tools/oxlint-plugin-t3code
  - id: npm:@t3tools/desktop
  - id: npm:@t3tools/scripts
  - id: npm:@t3tools/web
  - id: npm:akeru-bot
  - id: npm:@t3tools/marketing
  - id: npm:akeru-feedback
  - id: npm:@t3tools/client-runtime
  - id: npm:@t3tools/contracts
  - id: npm:effect-codex-app-server
  - id: npm:@t3tools/shared
  - id: npm:effect-acp
  - id: npm:@t3tools/ssh
  - id: npm:@t3tools/tailscale
