core:changelogs:
  - content: "---\npackages:\n  group:akeru:\n    type: patch\n---\n\n### Changes\n\n- [#141](https://github.com/opencoredev/akeru-bot/pull/141) fix(web): mute routine notices and update actions\n- [#151](https://github.com/opencoredev/akeru-bot/pull/151) feat(marketing): add feedback.md, versioned metadata API, rate-limit headers\n- [#153](https://github.com/opencoredev/akeru-bot/pull/153) fix(desktop): recover failed update installs\n- [#154](https://github.com/opencoredev/akeru-bot/pull/154) fix(release): require signed macOS builds\n- [#155](https://github.com/opencoredev/akeru-bot/pull/155) fix(desktop): package lazy server dependencies\n- [#156](https://github.com/opencoredev/akeru-bot/pull/156) fix(mcp): open OAuth authorization requests\n- [#149](https://github.com/opencoredev/akeru-bot/pull/149) feat(marketing): report page requests to Notra GEO\n- [#158](https://github.com/opencoredev/akeru-bot/pull/158) ci: migrate Depot workflows to Tenki\n- [#150](https://github.com/opencoredev/akeru-bot/pull/150) fix(settings): remove obsolete thread controls\n- [#159](https://github.com/opencoredev/akeru-bot/pull/159) fix(chat): improve bot conversation usability\n- [#157](https://github.com/opencoredev/akeru-bot/pull/157) feat(plugins): add Composio integrations\n- [#162](https://github.com/opencoredev/akeru-bot/pull/162) fix(plugins): complete OAuth connections\n- [#163](https://github.com/opencoredev/akeru-bot/pull/163) feat(marketing): add Grok search pages\n"
    filename: stable-release.md
    v: 0.0.0
core:packages:
  - id: npm:@t3tools/monorepo
    updated: false
  - id: npm:@t3tools/oxlint-plugin-t3code
    updated: false
  - id: npm:@t3tools/scripts
    updated: false
  - id: npm:akeru-feedback
    updated: false
  - changelogIds:
      - stable-release.md
    id: npm:@t3tools/desktop
    updated: true
  - id: npm:@t3tools/marketing
    updated: false
  - changelogIds:
      - stable-release.md
    id: npm:akeru-bot
    updated: true
  - changelogIds:
      - stable-release.md
    id: npm:@t3tools/web
    updated: true
  - id: npm:@t3tools/client-runtime
    updated: false
  - changelogIds:
      - stable-release.md
    id: npm:@t3tools/contracts
    updated: true
  - id: npm:effect-acp
    updated: false
  - id: npm:effect-codex-app-server
    updated: false
  - id: npm:@t3tools/shared
    updated: false
  - id: npm:@t3tools/ssh
    updated: false
  - id: npm:@t3tools/tailscale
    updated: false
npm:packages:
  - id: npm:@t3tools/monorepo
  - id: npm:@t3tools/oxlint-plugin-t3code
  - id: npm:@t3tools/scripts
  - id: npm:akeru-feedback
  - id: npm:@t3tools/desktop
  - id: npm:@t3tools/marketing
  - id: npm:akeru-bot
  - id: npm:@t3tools/web
  - id: npm:@t3tools/client-runtime
  - id: npm:@t3tools/contracts
  - id: npm:effect-acp
  - id: npm:effect-codex-app-server
  - id: npm:@t3tools/shared
  - id: npm:@t3tools/ssh
  - id: npm:@t3tools/tailscale
